
Microsoft Visual Studio Solution File, Format Version 12.00
# Visual Studio Version 16
VisualStudioVersion = 16.0.31410.357
MinimumVisualStudioVersion = 10.0.40219.1
Project("{2150E333-8FDC-42A3-9474-1A3956D46DE8}") = "Empire.Core", "Empire.Core", "{C4DE86E2-8130-4600-87D7-64C0916262D5}"
EndProject
Project("{2150E333-8FDC-42A3-9474-1A3956D46DE8}") = "Empire.Customer", "Empire.Customer", "{C222654C-96D2-4D3B-8968-480934A27CC2}"
EndProject
Project("{FAE04EC0-301F-11D3-BF4B-00C04F79EFBC}") = "Empire.Infra.Core", "Empire.Infra.Core\Empire.Infra.Core.csproj", "{DD0E0F80-C560-4C9D-B5A1-97DF41EFE6DB}"
EndProject
Project("{FAE04EC0-301F-11D3-BF4B-00C04F79EFBC}") = "Empire.Infra.Bus", "Empire.Infra.Bus\Empire.Infra.Bus.csproj", "{C7C7AFF8-BF22-485F-B07B-06F514DB24E9}"
EndProject
Project("{FAE04EC0-301F-11D3-BF4B-00C04F79EFBC}") = "Empire.Infra.Data", "Empire.Infra.Data\Empire.Infra.Data.csproj", "{582CAC30-F0E6-4DFF-93C7-C0D74175D1FB}"
EndProject
Project("{FAE04EC0-301F-11D3-BF4B-00C04F79EFBC}") = "Empire.Core.IoC", "Empire.Core.IoC\Empire.Core.IoC.csproj", "{B952A4C5-1FCF-45CA-8C87-5F4FCFE8BCE4}"
EndProject
Project("{FAE04EC0-301F-11D3-BF4B-00C04F79EFBC}") = "Empire.Core.Logging", "Empire.Core.Logging\Empire.Core.Logging.csproj", "{A2B9DE3F-D9FD-4275-AE80-9A8C0C4E96C4}"
EndProject
Project("{2150E333-8FDC-42A3-9474-1A3956D46DE8}") = "Infrastrucure", "Infrastrucure", "{74DD5F85-C66D-43E1-B1D6-F378E1B6F543}"
EndProject
Project("{FAE04EC0-301F-11D3-BF4B-00C04F79EFBC}") = "Empire.Customer.Cache", "Empire.Customer.Cache\Empire.Customer.Cache.csproj", "{6D568099-282F-474A-BAA5-F11DCD2CBAF8}"
EndProject
Project("{FAE04EC0-301F-11D3-BF4B-00C04F79EFBC}") = "Empire.Customer.Persistence", "Empire.Customer.Persistence\Empire.Customer.Persistence.csproj", "{0EED78A6-9DB4-4EF5-9667-43757AA06EAF}"
EndProject
Project("{2150E333-8FDC-42A3-9474-1A3956D46DE8}") = "Domain", "Domain", "{3A1A3B78-B839-4743-8E8A-CF03393345F2}"
EndProject
Project("{2150E333-8FDC-42A3-9474-1A3956D46DE8}") = "Application", "Application", "{656B5F98-E785-454D-9BEA-483F15C9B7EF}"
EndProject
Project("{2150E333-8FDC-42A3-9474-1A3956D46DE8}") = "API", "API", "{3C6AD1D6-8434-4DD4-B88E-733DCF2778B5}"
EndProject
Project("{FAE04EC0-301F-11D3-BF4B-00C04F79EFBC}") = "Empire.Core.Domain", "Empire.Core.Domain\Empire.Core.Domain.csproj", "{D05374F3-4CA3-42BF-AB31-5B1A55246647}"
EndProject
Project("{FAE04EC0-301F-11D3-BF4B-00C04F79EFBC}") = "Empire.Customer.Domain", "Empire.Customer.Domain\Empire.Customer.Domain.csproj", "{56F56FD8-37C8-4E03-849C-7048A576803D}"
EndProject
Project("{FAE04EC0-301F-11D3-BF4B-00C04F79EFBC}") = "Empire.Customer.Application", "Empire.Customer.Application\Empire.Customer.Application.csproj", "{1B20A721-5B57-4F66-8AF4-69CFF2589C91}"
EndProject
Project("{FAE04EC0-301F-11D3-BF4B-00C04F79EFBC}") = "Empire.Customer", "Empire.Customer\Empire.Customer.csproj", "{B349B37F-1618-4BDD-A9D0-5CB9D14881C5}"
EndProject
Project("{2150E333-8FDC-42A3-9474-1A3956D46DE8}") = "Empire.Inventory", "Empire.Inventory", "{5A8A4D83-1332-4BDA-BCE4-64F3212FF1E0}"
EndProject
Project("{2150E333-8FDC-42A3-9474-1A3956D46DE8}") = "IoC", "IoC", "{EFC89782-6375-45C2-9205-9ACCF0711BA5}"
EndProject
Project("{FAE04EC0-301F-11D3-BF4B-00C04F79EFBC}") = "Empire.Customer.IoC", "Empire.Customer.IoC\Empire.Customer.IoC.csproj", "{F58FA281-B2BD-41A5-9112-0A34967086FB}"
EndProject
Global
	GlobalSection(SolutionConfigurationPlatforms) = preSolution
		Debug|Any CPU = Debug|Any CPU
		Release|Any CPU = Release|Any CPU
	EndGlobalSection
	GlobalSection(ProjectConfigurationPlatforms) = postSolution
		{DD0E0F80-C560-4C9D-B5A1-97DF41EFE6DB}.Debug|Any CPU.ActiveCfg = Debug|Any CPU
		{DD0E0F80-C560-4C9D-B5A1-97DF41EFE6DB}.Debug|Any CPU.Build.0 = Debug|Any CPU
		{DD0E0F80-C560-4C9D-B5A1-97DF41EFE6DB}.Release|Any CPU.ActiveCfg = Release|Any CPU
		{DD0E0F80-C560-4C9D-B5A1-97DF41EFE6DB}.Release|Any CPU.Build.0 = Release|Any CPU
		{C7C7AFF8-BF22-485F-B07B-06F514DB24E9}.Debug|Any CPU.ActiveCfg = Debug|Any CPU
		{C7C7AFF8-BF22-485F-B07B-06F514DB24E9}.Debug|Any CPU.Build.0 = Debug|Any CPU
		{C7C7AFF8-BF22-485F-B07B-06F514DB24E9}.Release|Any CPU.ActiveCfg = Release|Any CPU
		{C7C7AFF8-BF22-485F-B07B-06F514DB24E9}.Release|Any CPU.Build.0 = Release|Any CPU
		{582CAC30-F0E6-4DFF-93C7-C0D74175D1FB}.Debug|Any CPU.ActiveCfg = Debug|Any CPU
		{582CAC30-F0E6-4DFF-93C7-C0D74175D1FB}.Debug|Any CPU.Build.0 = Debug|Any CPU
		{582CAC30-F0E6-4DFF-93C7-C0D74175D1FB}.Release|Any CPU.ActiveCfg = Release|Any CPU
		{582CAC30-F0E6-4DFF-93C7-C0D74175D1FB}.Release|Any CPU.Build.0 = Release|Any CPU
		{B952A4C5-1FCF-45CA-8C87-5F4FCFE8BCE4}.Debug|Any CPU.ActiveCfg = Debug|Any CPU
		{B952A4C5-1FCF-45CA-8C87-5F4FCFE8BCE4}.Debug|Any CPU.Build.0 = Debug|Any CPU
		{B952A4C5-1FCF-45CA-8C87-5F4FCFE8BCE4}.Release|Any CPU.ActiveCfg = Release|Any CPU
		{B952A4C5-1FCF-45CA-8C87-5F4FCFE8BCE4}.Release|Any CPU.Build.0 = Release|Any CPU
		{A2B9DE3F-D9FD-4275-AE80-9A8C0C4E96C4}.Debug|Any CPU.ActiveCfg = Debug|Any CPU
		{A2B9DE3F-D9FD-4275-AE80-9A8C0C4E96C4}.Debug|Any CPU.Build.0 = Debug|Any CPU
		{A2B9DE3F-D9FD-4275-AE80-9A8C0C4E96C4}.Release|Any CPU.ActiveCfg = Release|Any CPU
		{A2B9DE3F-D9FD-4275-AE80-9A8C0C4E96C4}.Release|Any CPU.Build.0 = Release|Any CPU
		{6D568099-282F-474A-BAA5-F11DCD2CBAF8}.Debug|Any CPU.ActiveCfg = Debug|Any CPU
		{6D568099-282F-474A-BAA5-F11DCD2CBAF8}.Debug|Any CPU.Build.0 = Debug|Any CPU
		{6D568099-282F-474A-BAA5-F11DCD2CBAF8}.Release|Any CPU.ActiveCfg = Release|Any CPU
		{6D568099-282F-474A-BAA5-F11DCD2CBAF8}.Release|Any CPU.Build.0 = Release|Any CPU
		{0EED78A6-9DB4-4EF5-9667-43757AA06EAF}.Debug|Any CPU.ActiveCfg = Debug|Any CPU
		{0EED78A6-9DB4-4EF5-9667-43757AA06EAF}.Debug|Any CPU.Build.0 = Debug|Any CPU
		{0EED78A6-9DB4-4EF5-9667-43757AA06EAF}.Release|Any CPU.ActiveCfg = Release|Any CPU
		{0EED78A6-9DB4-4EF5-9667-43757AA06EAF}.Release|Any CPU.Build.0 = Release|Any CPU
		{D05374F3-4CA3-42BF-AB31-5B1A55246647}.Debug|Any CPU.ActiveCfg = Debug|Any CPU
		{D05374F3-4CA3-42BF-AB31-5B1A55246647}.Debug|Any CPU.Build.0 = Debug|Any CPU
		{D05374F3-4CA3-42BF-AB31-5B1A55246647}.Release|Any CPU.ActiveCfg = Release|Any CPU
		{D05374F3-4CA3-42BF-AB31-5B1A55246647}.Release|Any CPU.Build.0 = Release|Any CPU
		{56F56FD8-37C8-4E03-849C-7048A576803D}.Debug|Any CPU.ActiveCfg = Debug|Any CPU
		{56F56FD8-37C8-4E03-849C-7048A576803D}.Debug|Any CPU.Build.0 = Debug|Any CPU
		{56F56FD8-37C8-4E03-849C-7048A576803D}.Release|Any CPU.ActiveCfg = Release|Any CPU
		{56F56FD8-37C8-4E03-849C-7048A576803D}.Release|Any CPU.Build.0 = Release|Any CPU
		{1B20A721-5B57-4F66-8AF4-69CFF2589C91}.Debug|Any CPU.ActiveCfg = Debug|Any CPU
		{1B20A721-5B57-4F66-8AF4-69CFF2589C91}.Debug|Any CPU.Build.0 = Debug|Any CPU
		{1B20A721-5B57-4F66-8AF4-69CFF2589C91}.Release|Any CPU.ActiveCfg = Release|Any CPU
		{1B20A721-5B57-4F66-8AF4-69CFF2589C91}.Release|Any CPU.Build.0 = Release|Any CPU
		{B349B37F-1618-4BDD-A9D0-5CB9D14881C5}.Debug|Any CPU.ActiveCfg = Debug|Any CPU
		{B349B37F-1618-4BDD-A9D0-5CB9D14881C5}.Debug|Any CPU.Build.0 = Debug|Any CPU
		{B349B37F-1618-4BDD-A9D0-5CB9D14881C5}.Release|Any CPU.ActiveCfg = Release|Any CPU
		{B349B37F-1618-4BDD-A9D0-5CB9D14881C5}.Release|Any CPU.Build.0 = Release|Any CPU
		{F58FA281-B2BD-41A5-9112-0A34967086FB}.Debug|Any CPU.ActiveCfg = Debug|Any CPU
		{F58FA281-B2BD-41A5-9112-0A34967086FB}.Debug|Any CPU.Build.0 = Debug|Any CPU
		{F58FA281-B2BD-41A5-9112-0A34967086FB}.Release|Any CPU.ActiveCfg = Release|Any CPU
		{F58FA281-B2BD-41A5-9112-0A34967086FB}.Release|Any CPU.Build.0 = Release|Any CPU
	EndGlobalSection
	GlobalSection(SolutionProperties) = preSolution
		HideSolutionNode = FALSE
	EndGlobalSection
	GlobalSection(NestedProjects) = preSolution
		{DD0E0F80-C560-4C9D-B5A1-97DF41EFE6DB} = {C4DE86E2-8130-4600-87D7-64C0916262D5}
		{C7C7AFF8-BF22-485F-B07B-06F514DB24E9} = {C4DE86E2-8130-4600-87D7-64C0916262D5}
		{582CAC30-F0E6-4DFF-93C7-C0D74175D1FB} = {C4DE86E2-8130-4600-87D7-64C0916262D5}
		{B952A4C5-1FCF-45CA-8C87-5F4FCFE8BCE4} = {C4DE86E2-8130-4600-87D7-64C0916262D5}
		{A2B9DE3F-D9FD-4275-AE80-9A8C0C4E96C4} = {C4DE86E2-8130-4600-87D7-64C0916262D5}
		{74DD5F85-C66D-43E1-B1D6-F378E1B6F543} = {C222654C-96D2-4D3B-8968-480934A27CC2}
		{6D568099-282F-474A-BAA5-F11DCD2CBAF8} = {74DD5F85-C66D-43E1-B1D6-F378E1B6F543}
		{0EED78A6-9DB4-4EF5-9667-43757AA06EAF} = {74DD5F85-C66D-43E1-B1D6-F378E1B6F543}
		{3A1A3B78-B839-4743-8E8A-CF03393345F2} = {C222654C-96D2-4D3B-8968-480934A27CC2}
		{656B5F98-E785-454D-9BEA-483F15C9B7EF} = {C222654C-96D2-4D3B-8968-480934A27CC2}
		{3C6AD1D6-8434-4DD4-B88E-733DCF2778B5} = {C222654C-96D2-4D3B-8968-480934A27CC2}
		{D05374F3-4CA3-42BF-AB31-5B1A55246647} = {C4DE86E2-8130-4600-87D7-64C0916262D5}
		{56F56FD8-37C8-4E03-849C-7048A576803D} = {3A1A3B78-B839-4743-8E8A-CF03393345F2}
		{1B20A721-5B57-4F66-8AF4-69CFF2589C91} = {656B5F98-E785-454D-9BEA-483F15C9B7EF}
		{B349B37F-1618-4BDD-A9D0-5CB9D14881C5} = {3C6AD1D6-8434-4DD4-B88E-733DCF2778B5}
		{EFC89782-6375-45C2-9205-9ACCF0711BA5} = {C222654C-96D2-4D3B-8968-480934A27CC2}
		{F58FA281-B2BD-41A5-9112-0A34967086FB} = {EFC89782-6375-45C2-9205-9ACCF0711BA5}
	EndGlobalSection
	GlobalSection(ExtensibilityGlobals) = postSolution
		SolutionGuid = {29AA34DD-8D17-4AB9-B50B-DAB2BD64BFBB}
	EndGlobalSection
EndGlobal
